
Microsoft Visual Studio Solution File, Format Version 12.00
# Visual Studio Version 16
VisualStudioVersion = 25.0.1705.4
MinimumVisualStudioVersion = 10.0.40219.1
Project("{FAE04EC0-301F-11D3-BF4B-00C04F79EFBC}") = "SISDiscordBot", "SISDiscordBot.csproj", "{B7E02005-6B49-42C8-BDAD-2F371CAEF907}"
EndProject
Global
	GlobalSection(SolutionConfigurationPlatforms) = preSolution
		Debug|Any CPU = Debug|Any CPU
		Release|Any CPU = Release|Any CPU
	EndGlobalSection
	GlobalSection(ProjectConfigurationPlatforms) = postSolution
		{B7E02005-6B49-42C8-BDAD-2F371CAEF907}.Debug|Any CPU.ActiveCfg = Debug|Any CPU
		{B7E02005-6B49-42C8-BDAD-2F371CAEF907}.Debug|Any CPU.Build.0 = Debug|Any CPU
		{B7E02005-6B49-42C8-BDAD-2F371CAEF907}.Release|Any CPU.ActiveCfg = Release|Any CPU
		{B7E02005-6B49-42C8-BDAD-2F371CAEF907}.Release|Any CPU.Build.0 = Release|Any CPU
	EndGlobalSection
	GlobalSection(SolutionProperties) = preSolution
		HideSolutionNode = FALSE
	EndGlobalSection
	GlobalSection(ExtensibilityGlobals) = postSolution
		SolutionGuid = {35CE34CD-A6E4-461F-9FF6-EA27B9C2546D}
	EndGlobalSection
EndGlobal
